
Microsoft Visual Studio Solution File, Format Version 12.00
# Visual Studio Version 18
VisualStudioVersion = 18.4.11605.240 stable
MinimumVisualStudioVersion = 10.0.40219.1
Project("{2150E333-8FDC-42A3-9474-1A3956D46DE8}") = "Core", "Core", "{02EA681E-C7D8-13C7-8484-4AC65E1B71E8}"
EndProject
Project("{2150E333-8FDC-42A3-9474-1A3956D46DE8}") = "Infrastructure", "Infrastructure", "{86895E59-D955-400F-803B-8964D6FA11D4}"
EndProject
Project("{2150E333-8FDC-42A3-9474-1A3956D46DE8}") = "Presentation", "Presentation", "{51D45DCB-7E18-4503-88E0-1F327C6DB8D9}"
EndProject
Project("{FAE04EC0-301F-11D3-BF4B-00C04F79EFBC}") = "YaylaVilla.Domain", "Core\YaylaVilla.Domain\YaylaVilla.Domain.csproj", "{1571E4EC-6B0F-4B46-B5CD-420F7F2D2EC6}"
EndProject
Project("{FAE04EC0-301F-11D3-BF4B-00C04F79EFBC}") = "YaylaVilla.Application", "Core\YaylaVilla.Application\YaylaVilla.Application.csproj", "{55AFCF8E-012F-4243-8B71-329F8B1604A0}"
EndProject
Project("{FAE04EC0-301F-11D3-BF4B-00C04F79EFBC}") = "YaylaVilla.Infrastructure", "Infrastructure\YaylaVilla.Infrastructure\YaylaVilla.Infrastructure.csproj", "{C3E7B3C7-7AA4-491E-9B90-6605F479E630}"
EndProject
Project("{FAE04EC0-301F-11D3-BF4B-00C04F79EFBC}") = "YaylaVilla.Persistence", "Infrastructure\YaylaVilla.Persistence\YaylaVilla.Persistence.csproj", "{31BA6028-C4A6-465F-BBAC-C72C784689DF}"
EndProject
Project("{FAE04EC0-301F-11D3-BF4B-00C04F79EFBC}") = "YaylaVilla.WebApi", "Presentation\YaylaVilla.WebApi\YaylaVilla.WebApi.csproj", "{665E4262-FC93-4313-B8F8-8082DB72BACA}"
EndProject
Project("{2150E333-8FDC-42A3-9474-1A3956D46DE8}") = "Frontend", "Frontend", "{D4F896D4-6473-4DDF-A313-7288F55D90F9}"
EndProject
Project("{FAE04EC0-301F-11D3-BF4B-00C04F79EFBC}") = "YaylaVilla.WebUI", "Frontend\YaylaVilla.WebUI\YaylaVilla.WebUI.csproj", "{EF9E0C65-D4E2-4EFF-B0C0-902825A1499F}"
EndProject
Global
	GlobalSection(SolutionConfigurationPlatforms) = preSolution
		Debug|Any CPU = Debug|Any CPU
		Release|Any CPU = Release|Any CPU
	EndGlobalSection
	GlobalSection(ProjectConfigurationPlatforms) = postSolution
		{1571E4EC-6B0F-4B46-B5CD-420F7F2D2EC6}.Debug|Any CPU.ActiveCfg = Debug|Any CPU
		{1571E4EC-6B0F-4B46-B5CD-420F7F2D2EC6}.Debug|Any CPU.Build.0 = Debug|Any CPU
		{1571E4EC-6B0F-4B46-B5CD-420F7F2D2EC6}.Release|Any CPU.ActiveCfg = Release|Any CPU
		{1571E4EC-6B0F-4B46-B5CD-420F7F2D2EC6}.Release|Any CPU.Build.0 = Release|Any CPU
		{55AFCF8E-012F-4243-8B71-329F8B1604A0}.Debug|Any CPU.ActiveCfg = Debug|Any CPU
		{55AFCF8E-012F-4243-8B71-329F8B1604A0}.Debug|Any CPU.Build.0 = Debug|Any CPU
		{55AFCF8E-012F-4243-8B71-329F8B1604A0}.Release|Any CPU.ActiveCfg = Release|Any CPU
		{55AFCF8E-012F-4243-8B71-329F8B1604A0}.Release|Any CPU.Build.0 = Release|Any CPU
		{C3E7B3C7-7AA4-491E-9B90-6605F479E630}.Debug|Any CPU.ActiveCfg = Debug|Any CPU
		{C3E7B3C7-7AA4-491E-9B90-6605F479E630}.Debug|Any CPU.Build.0 = Debug|Any CPU
		{C3E7B3C7-7AA4-491E-9B90-6605F479E630}.Release|Any CPU.ActiveCfg = Release|Any CPU
		{C3E7B3C7-7AA4-491E-9B90-6605F479E630}.Release|Any CPU.Build.0 = Release|Any CPU
		{31BA6028-C4A6-465F-BBAC-C72C784689DF}.Debug|Any CPU.ActiveCfg = Debug|Any CPU
		{31BA6028-C4A6-465F-BBAC-C72C784689DF}.Debug|Any CPU.Build.0 = Debug|Any CPU
		{31BA6028-C4A6-465F-BBAC-C72C784689DF}.Release|Any CPU.ActiveCfg = Release|Any CPU
		{31BA6028-C4A6-465F-BBAC-C72C784689DF}.Release|Any CPU.Build.0 = Release|Any CPU
		{665E4262-FC93-4313-B8F8-8082DB72BACA}.Debug|Any CPU.ActiveCfg = Debug|Any CPU
		{665E4262-FC93-4313-B8F8-8082DB72BACA}.Debug|Any CPU.Build.0 = Debug|Any CPU
		{665E4262-FC93-4313-B8F8-8082DB72BACA}.Release|Any CPU.ActiveCfg = Release|Any CPU
		{665E4262-FC93-4313-B8F8-8082DB72BACA}.Release|Any CPU.Build.0 = Release|Any CPU
		{EF9E0C65-D4E2-4EFF-B0C0-902825A1499F}.Debug|Any CPU.ActiveCfg = Debug|Any CPU
		{EF9E0C65-D4E2-4EFF-B0C0-902825A1499F}.Debug|Any CPU.Build.0 = Debug|Any CPU
		{EF9E0C65-D4E2-4EFF-B0C0-902825A1499F}.Release|Any CPU.ActiveCfg = Release|Any CPU
		{EF9E0C65-D4E2-4EFF-B0C0-902825A1499F}.Release|Any CPU.Build.0 = Release|Any CPU
	EndGlobalSection
	GlobalSection(SolutionProperties) = preSolution
		HideSolutionNode = FALSE
	EndGlobalSection
	GlobalSection(NestedProjects) = preSolution
		{1571E4EC-6B0F-4B46-B5CD-420F7F2D2EC6} = {02EA681E-C7D8-13C7-8484-4AC65E1B71E8}
		{55AFCF8E-012F-4243-8B71-329F8B1604A0} = {02EA681E-C7D8-13C7-8484-4AC65E1B71E8}
		{C3E7B3C7-7AA4-491E-9B90-6605F479E630} = {86895E59-D955-400F-803B-8964D6FA11D4}
		{31BA6028-C4A6-465F-BBAC-C72C784689DF} = {86895E59-D955-400F-803B-8964D6FA11D4}
		{665E4262-FC93-4313-B8F8-8082DB72BACA} = {51D45DCB-7E18-4503-88E0-1F327C6DB8D9}
		{EF9E0C65-D4E2-4EFF-B0C0-902825A1499F} = {D4F896D4-6473-4DDF-A313-7288F55D90F9}
	EndGlobalSection
	GlobalSection(ExtensibilityGlobals) = postSolution
		SolutionGuid = {56CF08E0-DFFB-4C4F-BEC6-4EB94542CB46}
	EndGlobalSection
EndGlobal
